[[tools.node]]
version = "22.22.2"
backend = "core:node"
"platforms.linux-arm64" = { checksum = "sha256:b2f3a96f31486bfc365192ad65ced14833ad2a3c2e1bcefec4846902f264fa28", url = "https://nodejs.org/dist/v22.22.2/node-v22.22.2-linux-arm64.tar.gz"}
"platforms.linux-x64" = { checksum = "sha256:978978a635eef872fa68beae09f0aad0bbbae6757e444da80b570964a97e62a3", url = "https://nodejs.org/dist/v22.22.2/node-v22.22.2-linux-x64.tar.gz"}
"platforms.macos-arm64" = { checksum = "sha256:db4b275b83736df67533529a18cc55de2549a8329ace6c7bcc68f8d22d3c9000", url = "https://nodejs.org/dist/v22.22.2/node-v22.22.2-darwin-arm64.tar.gz"}
"platforms.macos-x64" = { checksum = "sha256:12a6abb9c2902cf48a21120da13f87fde1ed1b71a13330712949e8db818708ba", url = "https://nodejs.org/dist/v22.22.2/node-v22.22.2-darwin-x64.tar.gz"}
"platforms.windows-x64" = { checksum = "sha256:7c93e9d92bf68c07182b471aa187e35ee6cd08ef0f24ab060dfff605fcc1c57c", url = "https://nodejs.org/dist/v22.22.2/node-v22.22.2-win-x64.zip"}

[[tools.npm]]
version = "11.12.1"
backend = "npm:npm"
